Microsoft Visual Studio Solution File, Format Version 12.00
# Visual Studio Version 17
VisualStudioVersion = 17.5.2.0
MinimumVisualStudioVersion = 10.0.40219.1
Project("{FAE04EC0-301F-11D3-BF4B-00C04F79EFBC}") = "ProjetoFinancas", "ProjetoFinancas.csproj", "{A572DA9D-2B2F-CF44-46B4-AC8E640C2EEF}"
EndProject
Global
	GlobalSection(SolutionConfigurationPlatforms) = preSolution
		Debug|Any CPU = Debug|Any CPU
		Release|Any CPU = Release|Any CPU
	EndGlobalSection
	GlobalSection(ProjectConfigurationPlatforms) = postSolution
		{A572DA9D-2B2F-CF44-46B4-AC8E640C2EEF}.Debug|Any CPU.ActiveCfg = Debug|Any CPU
		{A572DA9D-2B2F-CF44-46B4-AC8E640C2EEF}.Debug|Any CPU.Build.0 = Debug|Any CPU
		{A572DA9D-2B2F-CF44-46B4-AC8E640C2EEF}.Release|Any CPU.ActiveCfg = Release|Any CPU
		{A572DA9D-2B2F-CF44-46B4-AC8E640C2EEF}.Release|Any CPU.Build.0 = Release|Any CPU
	EndGlobalSection
	GlobalSection(SolutionProperties) = preSolution
		HideSolutionNode = FALSE
	EndGlobalSection
	GlobalSection(ExtensibilityGlobals) = postSolution
		SolutionGuid = {C6EB93D5-5368-4484-9552-F95EA32CFFB6}
	EndGlobalSection
EndGlobal
